
Microsoft Visual Studio Solution File, Format Version 12.00
# Visual Studio Version 16
VisualStudioVersion = 16.0.30330.147
MinimumVisualStudioVersion = 10.0.40219.1
Project("{FAE04EC0-301F-11D3-BF4B-00C04F79EFBC}") = "Firebase.Android", "Firebase\Firebase.Android\Firebase.Android.csproj", "{38E11E88-4609-46EF-B544-84E52746F23A}"
EndProject
Project("{FAE04EC0-301F-11D3-BF4B-00C04F79EFBC}") = "Firebase.iOS", "Firebase\Firebase.iOS\Firebase.iOS.csproj", "{0A44980A-3C27-42AD-B01E-64C4CD5B05D5}"
EndProject
Project("{FAE04EC0-301F-11D3-BF4B-00C04F79EFBC}") = "Firebase", "Firebase\Firebase\Firebase.csproj", "{09A95AF4-02B7-4162-B793-D33B15FEFAAC}"
EndProject
Global
	GlobalSection(SolutionConfigurationPlatforms) = preSolution
		Debug|Any CPU = Debug|Any CPU
		Debug|iPhone = Debug|iPhone
		Debug|iPhoneSimulator = Debug|iPhoneSimulator
		Release|Any CPU = Release|Any CPU
		Release|iPhone = Release|iPhone
		Release|iPhoneSimulator = Release|iPhoneSimulator
	EndGlobalSection
	GlobalSection(ProjectConfigurationPlatforms) = postSolution
		{38E11E88-4609-46EF-B544-84E52746F23A}.Debug|Any CPU.ActiveCfg = Debug|Any CPU
		{38E11E88-4609-46EF-B544-84E52746F23A}.Debug|Any CPU.Build.0 = Debug|Any CPU
		{38E11E88-4609-46EF-B544-84E52746F23A}.Debug|Any CPU.Deploy.0 = Debug|Any CPU
		{38E11E88-4609-46EF-B544-84E52746F23A}.Debug|iPhone.ActiveCfg = Debug|Any CPU
		{38E11E88-4609-46EF-B544-84E52746F23A}.Debug|iPhone.Build.0 = Debug|Any CPU
		{38E11E88-4609-46EF-B544-84E52746F23A}.Debug|iPhone.Deploy.0 = Debug|Any CPU
		{38E11E88-4609-46EF-B544-84E52746F23A}.Debug|iPhoneSimulator.ActiveCfg = Debug|Any CPU
		{38E11E88-4609-46EF-B544-84E52746F23A}.Debug|iPhoneSimulator.Build.0 = Debug|Any CPU
		{38E11E88-4609-46EF-B544-84E52746F23A}.Debug|iPhoneSimulator.Deploy.0 = Debug|Any CPU
		{38E11E88-4609-46EF-B544-84E52746F23A}.Release|Any CPU.ActiveCfg = Release|Any CPU
		{38E11E88-4609-46EF-B544-84E52746F23A}.Release|Any CPU.Build.0 = Release|Any CPU
		{38E11E88-4609-46EF-B544-84E52746F23A}.Release|Any CPU.Deploy.0 = Release|Any CPU
		{38E11E88-4609-46EF-B544-84E52746F23A}.Release|iPhone.ActiveCfg = Release|Any CPU
		{38E11E88-4609-46EF-B544-84E52746F23A}.Release|iPhone.Build.0 = Release|Any CPU
		{38E11E88-4609-46EF-B544-84E52746F23A}.Release|iPhone.Deploy.0 = Release|Any CPU
		{38E11E88-4609-46EF-B544-84E52746F23A}.Release|iPhoneSimulator.ActiveCfg = Release|Any CPU
		{38E11E88-4609-46EF-B544-84E52746F23A}.Release|iPhoneSimulator.Build.0 = Release|Any CPU
		{38E11E88-4609-46EF-B544-84E52746F23A}.Release|iPhoneSimulator.Deploy.0 = Release|Any CPU
		{0A44980A-3C27-42AD-B01E-64C4CD5B05D5}.Debug|Any CPU.ActiveCfg = Debug|iPhone
		{0A44980A-3C27-42AD-B01E-64C4CD5B05D5}.Debug|Any CPU.Build.0 = Debug|iPhone
		{0A44980A-3C27-42AD-B01E-64C4CD5B05D5}.Debug|Any CPU.Deploy.0 = Debug|iPhone
		{0A44980A-3C27-42AD-B01E-64C4CD5B05D5}.Debug|iPhone.ActiveCfg = Debug|iPhone
		{0A44980A-3C27-42AD-B01E-64C4CD5B05D5}.Debug|iPhone.Build.0 = Debug|iPhone
		{0A44980A-3C27-42AD-B01E-64C4CD5B05D5}.Debug|iPhone.Deploy.0 = Debug|iPhone
		{0A44980A-3C27-42AD-B01E-64C4CD5B05D5}.Debug|iPhoneSimulator.ActiveCfg = Debug|iPhoneSimulator
		{0A44980A-3C27-42AD-B01E-64C4CD5B05D5}.Debug|iPhoneSimulator.Build.0 = Debug|iPhoneSimulator
		{0A44980A-3C27-42AD-B01E-64C4CD5B05D5}.Debug|iPhoneSimulator.Deploy.0 = Debug|iPhoneSimulator
		{0A44980A-3C27-42AD-B01E-64C4CD5B05D5}.Release|Any CPU.ActiveCfg = Release|iPhone
		{0A44980A-3C27-42AD-B01E-64C4CD5B05D5}.Release|Any CPU.Build.0 = Release|iPhone
		{0A44980A-3C27-42AD-B01E-64C4CD5B05D5}.Release|Any CPU.Deploy.0 = Release|iPhone
		{0A44980A-3C27-42AD-B01E-64C4CD5B05D5}.Release|iPhone.ActiveCfg = Release|iPhone
		{0A44980A-3C27-42AD-B01E-64C4CD5B05D5}.Release|iPhone.Build.0 = Release|iPhone
		{0A44980A-3C27-42AD-B01E-64C4CD5B05D5}.Release|iPhone.Deploy.0 = Release|iPhone
		{0A44980A-3C27-42AD-B01E-64C4CD5B05D5}.Release|iPhoneSimulator.ActiveCfg = Release|iPhoneSimulator
		{0A44980A-3C27-42AD-B01E-64C4CD5B05D5}.Release|iPhoneSimulator.Build.0 = Release|iPhoneSimulator
		{0A44980A-3C27-42AD-B01E-64C4CD5B05D5}.Release|iPhoneSimulator.Deploy.0 = Release|iPhoneSimulator
		{09A95AF4-02B7-4162-B793-D33B15FEFAAC}.Debug|Any CPU.ActiveCfg = Debug|Any CPU
		{09A95AF4-02B7-4162-B793-D33B15FEFAAC}.Debug|Any CPU.Build.0 = Debug|Any CPU
		{09A95AF4-02B7-4162-B793-D33B15FEFAAC}.Debug|Any CPU.Deploy.0 = Debug|Any CPU
		{09A95AF4-02B7-4162-B793-D33B15FEFAAC}.Debug|iPhone.ActiveCfg = Debug|Any CPU
		{09A95AF4-02B7-4162-B793-D33B15FEFAAC}.Debug|iPhone.Build.0 = Debug|Any CPU
		{09A95AF4-02B7-4162-B793-D33B15FEFAAC}.Debug|iPhone.Deploy.0 = Debug|Any CPU
		{09A95AF4-02B7-4162-B793-D33B15FEFAAC}.Debug|iPhoneSimulator.ActiveCfg = Debug|Any CPU
		{09A95AF4-02B7-4162-B793-D33B15FEFAAC}.Debug|iPhoneSimulator.Build.0 = Debug|Any CPU
		{09A95AF4-02B7-4162-B793-D33B15FEFAAC}.Debug|iPhoneSimulator.Deploy.0 = Debug|Any CPU
		{09A95AF4-02B7-4162-B793-D33B15FEFAAC}.Release|Any CPU.ActiveCfg = Release|Any CPU
		{09A95AF4-02B7-4162-B793-D33B15FEFAAC}.Release|Any CPU.Build.0 = Release|Any CPU
		{09A95AF4-02B7-4162-B793-D33B15FEFAAC}.Release|Any CPU.Deploy.0 = Release|Any CPU
		{09A95AF4-02B7-4162-B793-D33B15FEFAAC}.Release|iPhone.ActiveCfg = Release|Any CPU
		{09A95AF4-02B7-4162-B793-D33B15FEFAAC}.Release|iPhone.Build.0 = Release|Any CPU
		{09A95AF4-02B7-4162-B793-D33B15FEFAAC}.Release|iPhone.Deploy.0 = Release|Any CPU
		{09A95AF4-02B7-4162-B793-D33B15FEFAAC}.Release|iPhoneSimulator.ActiveCfg = Release|Any CPU
		{09A95AF4-02B7-4162-B793-D33B15FEFAAC}.Release|iPhoneSimulator.Build.0 = Release|Any CPU
		{09A95AF4-02B7-4162-B793-D33B15FEFAAC}.Release|iPhoneSimulator.Deploy.0 = Release|Any CPU
	EndGlobalSection
	GlobalSection(SolutionProperties) = preSolution
		HideSolutionNode = FALSE
	EndGlobalSection
	GlobalSection(ExtensibilityGlobals) = postSolution
		SolutionGuid = {6557798C-87CE-41EA-B4E2-A47830278120}
	EndGlobalSection
EndGlobal
